
Microsoft Visual Studio Solution File, Format Version 12.00
# Visual Studio Version 17
VisualStudioVersion = 17.11.35327.3
MinimumVisualStudioVersion = 10.0.40219.1
Project("{9A19103F-16F7-4668-BE54-9A1E7A4F7556}") = "SharedClass", "SharedClass\SharedClass.csproj", "{5268A1FB-2BA5-4EDA-AC2E-6897029FAC3A}"
EndProject
Project("{9A19103F-16F7-4668-BE54-9A1E7A4F7556}") = "PlayerClient", "PlayerClient\PlayerClient.csproj", "{CBA83F88-34A4-4BF9-88A1-D23A798C931A}"
EndProject
Project("{9A19103F-16F7-4668-BE54-9A1E7A4F7556}") = "GameServer", "GameServer\GameServer.csproj", "{B8343855-3DBA-4C04-BF0F-867F7B38B3A8}"
EndProject
Global
	GlobalSection(SolutionConfigurationPlatforms) = preSolution
		Debug|Any CPU = Debug|Any CPU
		Release|Any CPU = Release|Any CPU
	EndGlobalSection
	GlobalSection(ProjectConfigurationPlatforms) = postSolution
		{5268A1FB-2BA5-4EDA-AC2E-6897029FAC3A}.Debug|Any CPU.ActiveCfg = Debug|Any CPU
		{5268A1FB-2BA5-4EDA-AC2E-6897029FAC3A}.Debug|Any CPU.Build.0 = Debug|Any CPU
		{5268A1FB-2BA5-4EDA-AC2E-6897029FAC3A}.Release|Any CPU.ActiveCfg = Release|Any CPU
		{5268A1FB-2BA5-4EDA-AC2E-6897029FAC3A}.Release|Any CPU.Build.0 = Release|Any CPU
		{CBA83F88-34A4-4BF9-88A1-D23A798C931A}.Debug|Any CPU.ActiveCfg = Debug|Any CPU
		{CBA83F88-34A4-4BF9-88A1-D23A798C931A}.Debug|Any CPU.Build.0 = Debug|Any CPU
		{CBA83F88-34A4-4BF9-88A1-D23A798C931A}.Release|Any CPU.ActiveCfg = Release|Any CPU
		{CBA83F88-34A4-4BF9-88A1-D23A798C931A}.Release|Any CPU.Build.0 = Release|Any CPU
		{B8343855-3DBA-4C04-BF0F-867F7B38B3A8}.Debug|Any CPU.ActiveCfg = Debug|Any CPU
		{B8343855-3DBA-4C04-BF0F-867F7B38B3A8}.Debug|Any CPU.Build.0 = Debug|Any CPU
		{B8343855-3DBA-4C04-BF0F-867F7B38B3A8}.Release|Any CPU.ActiveCfg = Release|Any CPU
		{B8343855-3DBA-4C04-BF0F-867F7B38B3A8}.Release|Any CPU.Build.0 = Release|Any CPU
	EndGlobalSection
	GlobalSection(SolutionProperties) = preSolution
		HideSolutionNode = FALSE
	EndGlobalSection
	GlobalSection(ExtensibilityGlobals) = postSolution
		SolutionGuid = {6E914183-52C5-4738-806D-F5AFB4514FA8}
	EndGlobalSection
EndGlobal
